
Microsoft Visual Studio Solution File, Format Version 12.00
# Visual Studio 15
VisualStudioVersion = 15.0.28307.1433
MinimumVisualStudioVersion = 10.0.40219.1
Project("{888888A0-9F3D-457C-B088-3A5042F75D52}") = "TradingBot", "TradingBot\TradingBot.pyproj", "{0E593A86-A11C-4A11-B16C-FF10EFEFC320}"
EndProject
Global
	GlobalSection(SolutionConfigurationPlatforms) = preSolution
		Debug|Any CPU = Debug|Any CPU
		Release|Any CPU = Release|Any CPU
	EndGlobalSection
	GlobalSection(ProjectConfigurationPlatforms) = postSolution
		{0E593A86-A11C-4A11-B16C-FF10EFEFC320}.Debug|Any CPU.ActiveCfg = Debug|Any CPU
		{0E593A86-A11C-4A11-B16C-FF10EFEFC320}.Release|Any CPU.ActiveCfg = Release|Any CPU
	EndGlobalSection
	GlobalSection(SolutionProperties) = preSolution
		HideSolutionNode = FALSE
	EndGlobalSection
	GlobalSection(ExtensibilityGlobals) = postSolution
		SolutionGuid = {84E29FF1-03E7-405F-BB44-6D4060BC9167}
	EndGlobalSection
EndGlobal
